// !$*UTF8*$!
{
	archiveVersion = 1;
	classes = {
	};
	objectVersion = 56;
	objects = {

/* Begin PBXBuildFile section */
		1DCDCC392AB60FB40037C93D /* main.cpp in Sources */ = {isa = PBXBuildFile; fileRef = 1DCDCC382AB60FB40037C93D /* main.cpp */; };
		1DCDCC412AB60FD20037C93D /* GLUT.framework in Frameworks */ = {isa = PBXBuildFile; fileRef = 1DCDCC402AB60FD20037C93D /* GLUT.framework */; };
		1DCDCC432AB60FE00037C93D /* OpenGL.framework in Frameworks */ = {isa = PBXBuildFile; fileRef = 1DCDCC422AB60FE00037C93D /* OpenGL.framework */; };
		1DCDCC582AB6141A0037C93D /* libglfw3.a in Frameworks */ = {isa = PBXBuildFile; fileRef = 1DCDCC572AB6141A0037C93D /* libglfw3.a */; };
		1DCDCC5D2AB6149D0037C93D /* libglfw.3.dylib in Frameworks */ = {isa = PBXBuildFile; fileRef = 1DCDCC5C2AB6149D0037C93D /* libglfw.3.dylib */; };
		1DCDCC5E2AB614E00037C93D /* libglfw.3.dylib in Embed Libraries */ = {isa = PBXBuildFile; fileRef = 1DCDCC5C2AB6149D0037C93D /* libglfw.3.dylib */; settings = {ATTRIBUTES = (CodeSignOnCopy, ); }; };
/* End PBXBuildFile section */

/* Begin PBXCopyFilesBuildPhase section */
		1DCDCC332AB60FB40037C93D /* CopyFiles */ = {
			isa = PBXCopyFilesBuildPhase;
			buildActionMask = 2147483647;
			dstPath = /usr/share/man/man1/;
			dstSubfolderSpec = 0;
			files = (
			);
			runOnlyForDeploymentPostprocessing = 1;
		};
		1DCDCC5F2AB614E00037C93D /* Embed Libraries */ = {
			isa = PBXCopyFilesBuildPhase;
			buildActionMask = 2147483647;
			dstPath = "";
			dstSubfolderSpec = 10;
			files = (
				1DCDCC5E2AB614E00037C93D /* libglfw.3.dylib in Embed Libraries */,
			);
			name = "Embed Libraries";
			runOnlyForDeploymentPostprocessing = 0;
		};
/* End PBXCopyFilesBuildPhase section */

/* Begin PBXFileReference section */
		1DCDCC352AB60FB40037C93D /* base_pro */ = {isa = PBXFileReference; explicitFileType = "compiled.mach-o.executable"; includeInIndex = 0; path = base_pro; sourceTree = BUILT_PRODUCTS_DIR; };
		1DCDCC382AB60FB40037C93D /* main.cpp */ = {isa = PBXFileReference; lastKnownFileType = sourcecode.cpp.cpp; path = main.cpp; sourceTree = "<group>"; };
		1DCDCC402AB60FD20037C93D /* GLUT.framework */ = {isa = PBXFileReference; lastKnownFileType = wrapper.framework; name = GLUT.framework; path = System/Library/Frameworks/GLUT.framework; sourceTree = SDKROOT; };
		1DCDCC422AB60FE00037C93D /* OpenGL.framework */ = {isa = PBXFileReference; lastKnownFileType = wrapper.framework; name = OpenGL.framework; path = System/Library/Frameworks/OpenGL.framework; sourceTree = SDKROOT; };
		1DCDCC572AB6141A0037C93D /* libglfw3.a */ = {isa = PBXFileReference; lastKnownFileType = archive.ar; name = libglfw3.a; path = OpenGL/libglfw3.a; sourceTree = "<group>"; };
		1DCDCC5A2AB614220037C93D /* glfw3.h */ = {isa = PBXFileReference; fileEncoding = 4; lastKnownFileType = sourcecode.c.h; path = glfw3.h; sourceTree = "<group>"; };
		1DCDCC5B2AB614220037C93D /* glfw3native.h */ = {isa = PBXFileReference; fileEncoding = 4; lastKnownFileType = sourcecode.c.h; path = glfw3native.h; sourceTree = "<group>"; };
		1DCDCC5C2AB6149D0037C93D /* libglfw.3.dylib */ = {isa = PBXFileReference; lastKnownFileType = "compiled.mach-o.dylib"; name = libglfw.3.dylib; path = OpenGL/libglfw.3.dylib; sourceTree = "<group>"; };
/* End PBXFileReference section */

/* Begin PBXFrameworksBuildPhase section */
		1DCDCC322AB60FB40037C93D /* Frameworks */ = {
			isa = PBXFrameworksBuildPhase;
			buildActionMask = 2147483647;
			files = (
				1DCDCC412AB60FD20037C93D /* GLUT.framework in Frameworks */,
				1DCDCC5D2AB6149D0037C93D /* libglfw.3.dylib in Frameworks */,
				1DCDCC432AB60FE00037C93D /* OpenGL.framework in Frameworks */,
				1DCDCC582AB6141A0037C93D /* libglfw3.a in Frameworks */,
			);
			runOnlyForDeploymentPostprocessing = 0;
		};
/* End PBXFrameworksBuildPhase section */

/* Begin PBXGroup section */
		1DCDCC2C2AB60FB40037C93D = {
			isa = PBXGroup;
			children = (
				1DCDCC592AB614220037C93D /* GLFW */,
				1DCDCC372AB60FB40037C93D /* base_pro */,
				1DCDCC362AB60FB40037C93D /* Products */,
				1DCDCC3F2AB60FD20037C93D /* Frameworks */,
			);
			sourceTree = "<group>";
		};
		1DCDCC362AB60FB40037C93D /* Products */ = {
			isa = PBXGroup;
			children = (
				1DCDCC352AB60FB40037C93D /* base_pro */,
			);
			name = Products;
			sourceTree = "<group>";
		};
		1DCDCC372AB60FB40037C93D /* base_pro */ = {
			isa = PBXGroup;
			children = (
				1DCDCC382AB60FB40037C93D /* main.cpp */,
			);
			path = base_pro;
			sourceTree = "<group>";
		};
		1DCDCC3F2AB60FD20037C93D /* Frameworks */ = {
			isa = PBXGroup;
			children = (
				1DCDCC5C2AB6149D0037C93D /* libglfw.3.dylib */,
				1DCDCC572AB6141A0037C93D /* libglfw3.a */,
				1DCDCC422AB60FE00037C93D /* OpenGL.framework */,
				1DCDCC402AB60FD20037C93D /* GLUT.framework */,
			);
			name = Frameworks;
			sourceTree = "<group>";
		};
		1DCDCC592AB614220037C93D /* GLFW */ = {
			isa = PBXGroup;
			children = (
				1DCDCC5A2AB614220037C93D /* glfw3.h */,
				1DCDCC5B2AB614220037C93D /* glfw3native.h */,
			);
			name = GLFW;
			path = OpenGL/GLFW;
			sourceTree = "<group>";
		};
/* End PBXGroup section */

/* Begin PBXNativeTarget section */
		1DCDCC342AB60FB40037C93D /* base_pro */ = {
			isa = PBXNativeTarget;
			buildConfigurationList = 1DCDCC3C2AB60FB40037C93D /* Build configuration list for PBXNativeTarget "base_pro" */;
			buildPhases = (
				1DCDCC312AB60FB40037C93D /* Sources */,
				1DCDCC322AB60FB40037C93D /* Frameworks */,
				1DCDCC332AB60FB40037C93D /* CopyFiles */,
				1DCDCC5F2AB614E00037C93D /* Embed Libraries */,
			);
			buildRules = (
			);
			dependencies = (
			);
			name = base_pro;
			productName = base_pro;
			productReference = 1DCDCC352AB60FB40037C93D /* base_pro */;
			productType = "com.apple.product-type.tool";
		};
/* End PBXNativeTarget section */

/* Begin PBXProject section */
		1DCDCC2D2AB60FB40037C93D /* Project object */ = {
			isa = PBXProject;
			attributes = {
				BuildIndependentTargetsInParallel = 1;
				LastUpgradeCheck = 1430;
				TargetAttributes = {
					1DCDCC342AB60FB40037C93D = {
						CreatedOnToolsVersion = 14.3.1;
					};
				};
			};
			buildConfigurationList = 1DCDCC302AB60FB40037C93D /* Build configuration list for PBXProject "base_pro" */;
			compatibilityVersion = "Xcode 14.0";
			developmentRegion = en;
			hasScannedForEncodings = 0;
			knownRegions = (
				en,
				Base,
			);
			mainGroup = 1DCDCC2C2AB60FB40037C93D;
			productRefGroup = 1DCDCC362AB60FB40037C93D /* Products */;
			projectDirPath = "";
			projectRoot = "";
			targets = (
				1DCDCC342AB60FB40037C93D /* base_pro */,
			);
		};
/* End PBXProject section */

/* Begin PBXSourcesBuildPhase section */
		1DCDCC312AB60FB40037C93D /* Sources */ = {
			isa = PBXSourcesBuildPhase;
			buildActionMask = 2147483647;
			files = (
				1DCDCC392AB60FB40037C93D /* main.cpp in Sources */,
			);
			runOnlyForDeploymentPostprocessing = 0;
		};
/* End PBXSourcesBuildPhase section */

/* Begin XCBuildConfiguration section */
		1DCDCC3A2AB60FB40037C93D /* Debug */ = {
			isa = XCBuildConfiguration;
			buildSettings = {
				ALWAYS_SEARCH_USER_PATHS = NO;
				CLANG_ANALYZER_NONNULL = YES;
				CLANG_ANALYZER_NUMBER_OBJECT_CONVERSION = YES_AGGRESSIVE;
				CLANG_CXX_LANGUAGE_STANDARD = "gnu++20";
				CLANG_ENABLE_MODULES = YES;
				CLANG_ENABLE_OBJC_ARC = YES;
				CLANG_ENABLE_OBJC_WEAK = YES;
				CLANG_WARN_BLOCK_CAPTURE_AUTORELEASING = YES;
				CLANG_WARN_BOOL_CONVERSION = YES;
				CLANG_WARN_COMMA = YES;
				CLANG_WARN_CONSTANT_CONVERSION = YES;
				CLANG_WARN_DEPRECATED_OBJC_IMPLEMENTATIONS = YES;
				CLANG_WARN_DIRECT_OBJC_ISA_USAGE = YES_ERROR;
				CLANG_WARN_DOCUMENTATION_COMMENTS = YES;
				CLANG_WARN_EMPTY_BODY = YES;
				CLANG_WARN_ENUM_CONVERSION = YES;
				CLANG_WARN_INFINITE_RECURSION = YES;
				CLANG_WARN_INT_CONVERSION = YES;
				CLANG_WARN_NON_LITERAL_NULL_CONVERSION = YES;
				CLANG_WARN_OBJC_IMPLICIT_RETAIN_SELF = YES;
				CLANG_WARN_OBJC_LITERAL_CONVERSION = YES;
				CLANG_WARN_OBJC_ROOT_CLASS = YES_ERROR;
				CLANG_WARN_QUOTED_INCLUDE_IN_FRAMEWORK_HEADER = YES;
				CLANG_WARN_RANGE_LOOP_ANALYSIS = YES;
				CLANG_WARN_STRICT_PROTOTYPES = YES;
				CLANG_WARN_SUSPICIOUS_MOVE = YES;
				CLANG_WARN_UNGUARDED_AVAILABILITY = YES_AGGRESSIVE;
				CLANG_WARN_UNREACHABLE_CODE = YES;
				CLANG_WARN__DUPLICATE_METHOD_MATCH = YES;
				COPY_PHASE_STRIP = NO;
				DEBUG_INFORMATION_FORMAT = dwarf;
				ENABLE_STRICT_OBJC_MSGSEND = YES;
				ENABLE_TESTABILITY = YES;
				GCC_C_LANGUAGE_STANDARD = gnu11;
				GCC_DYNAMIC_NO_PIC = NO;
				GCC_NO_COMMON_BLOCKS = YES;
				GCC_OPTIMIZATION_LEVEL = 0;
				GCC_PREPROCESSOR_DEFINITIONS = (
					"DEBUG=1",
					"$(inherited)",
				);
				GCC_WARN_64_TO_32_BIT_CONVERSION = YES;
				GCC_WARN_ABOUT_RETURN_TYPE = YES_ERROR;
				GCC_WARN_UNDECLARED_SELECTOR = YES;
				GCC_WARN_UNINITIALIZED_AUTOS = YES_AGGRESSIVE;
				GCC_WARN_UNUSED_FUNCTION = YES;
				GCC_WARN_UNUSED_VARIABLE = YES;
				MACOSX_DEPLOYMENT_TARGET = 13.3;
				MTL_ENABLE_DEBUG_INFO = INCLUDE_SOURCE;
				MTL_FAST_MATH = YES;
				ONLY_ACTIVE_ARCH = YES;
				SDKROOT = macosx;
			};
			name = Debug;
		};
		1DCDCC3B2AB60FB40037C93D /* Release */ = {
			isa = XCBuildConfiguration;
			buildSettings = {
				ALWAYS_SEARCH_USER_PATHS = NO;
				CLANG_ANALYZER_NONNULL = YES;
				CLANG_ANALYZER_NUMBER_OBJECT_CONVERSION = YES_AGGRESSIVE;
				CLANG_CXX_LANGUAGE_STANDARD = "gnu++20";
				CLANG_ENABLE_MODULES = YES;
				CLANG_ENABLE_OBJC_ARC = YES;
				CLANG_ENABLE_OBJC_WEAK = YES;
				CLANG_WARN_BLOCK_CAPTURE_AUTORELEASING = YES;
				CLANG_WARN_BOOL_CONVERSION = YES;
				CLANG_WARN_COMMA = YES;
				CLANG_WARN_CONSTANT_CONVERSION = YES;
				CLANG_WARN_DEPRECATED_OBJC_IMPLEMENTATIONS = YES;
				CLANG_WARN_DIRECT_OBJC_ISA_USAGE = YES_ERROR;
				CLANG_WARN_DOCUMENTATION_COMMENTS = YES;
				CLANG_WARN_EMPTY_BODY = YES;
				CLANG_WARN_ENUM_CONVERSION = YES;
				CLANG_WARN_INFINITE_RECURSION = YES;
				CLANG_WARN_INT_CONVERSION = YES;
				CLANG_WARN_NON_LITERAL_NULL_CONVERSION = YES;
				CLANG_WARN_OBJC_IMPLICIT_RETAIN_SELF = YES;
				CLANG_WARN_OBJC_LITERAL_CONVERSION = YES;
				CLANG_WARN_OBJC_ROOT_CLASS = YES_ERROR;
				CLANG_WARN_QUOTED_INCLUDE_IN_FRAMEWORK_HEADER = YES;
				CLANG_WARN_RANGE_LOOP_ANALYSIS = YES;
				CLANG_WARN_STRICT_PROTOTYPES = YES;
				CLANG_WARN_SUSPICIOUS_MOVE = YES;
				CLANG_WARN_UNGUARDED_AVAILABILITY = YES_AGGRESSIVE;
				CLANG_WARN_UNREACHABLE_CODE = YES;
				CLANG_WARN__DUPLICATE_METHOD_MATCH = YES;
				COPY_PHASE_STRIP = NO;
				DEBUG_INFORMATION_FORMAT = "dwarf-with-dsym";
				ENABLE_NS_ASSERTIONS = NO;
				ENABLE_STRICT_OBJC_MSGSEND = YES;
				GCC_C_LANGUAGE_STANDARD = gnu11;
				GCC_NO_COMMON_BLOCKS = YES;
				GCC_WARN_64_TO_32_BIT_CONVERSION = YES;
				GCC_WARN_ABOUT_RETURN_TYPE = YES_ERROR;
				GCC_WARN_UNDECLARED_SELECTOR = YES;
				GCC_WARN_UNINITIALIZED_AUTOS = YES_AGGRESSIVE;
				GCC_WARN_UNUSED_FUNCTION = YES;
				GCC_WARN_UNUSED_VARIABLE = YES;
				MACOSX_DEPLOYMENT_TARGET = 13.3;
				MTL_ENABLE_DEBUG_INFO = NO;
				MTL_FAST_MATH = YES;
				SDKROOT = macosx;
			};
			name = Release;
		};
		1DCDCC3D2AB60FB40037C93D /* Debug */ = {
			isa = XCBuildConfiguration;
			buildSettings = {
				CODE_SIGN_STYLE = Automatic;
				DEVELOPMENT_TEAM = 8834V5NS5J;
				ENABLE_HARDENED_RUNTIME = YES;
				HEADER_SEARCH_PATHS = "$(SRCROOT)/OpenGL/glfw";
				LIBRARY_SEARCH_PATHS = (
					"$(inherited)",
					"$(PROJECT_DIR)/OpenGL",
				);
				PRODUCT_NAME = "$(TARGET_NAME)";
			};
			name = Debug;
		};
		1DCDCC3E2AB60FB40037C93D /* Release */ = {
			isa = XCBuildConfiguration;
			buildSettings = {
				CODE_SIGN_STYLE = Automatic;
				DEVELOPMENT_TEAM = 8834V5NS5J;
				ENABLE_HARDENED_RUNTIME = YES;
				HEADER_SEARCH_PATHS = "$(SRCROOT)/OpenGL/glfw";
				LIBRARY_SEARCH_PATHS = (
					"$(inherited)",
					"$(PROJECT_DIR)/OpenGL",
				);
				PRODUCT_NAME = "$(TARGET_NAME)";
			};
			name = Release;
		};
/* End XCBuildConfiguration section */

/* Begin XCConfigurationList section */
		1DCDCC302AB60FB40037C93D /* Build configuration list for PBXProject "base_pro" */ = {
			isa = XCConfigurationList;
			buildConfigurations = (
				1DCDCC3A2AB60FB40037C93D /* Debug */,
				1DCDCC3B2AB60FB40037C93D /* Release */,
			);
			defaultConfigurationIsVisible = 0;
			defaultConfigurationName = Release;
		};
		1DCDCC3C2AB60FB40037C93D /* Build configuration list for PBXNativeTarget "base_pro" */ = {
			isa = XCConfigurationList;
			buildConfigurations = (
				1DCDCC3D2AB60FB40037C93D /* Debug */,
				1DCDCC3E2AB60FB40037C93D /* Release */,
			);
			defaultConfigurationIsVisible = 0;
			defaultConfigurationName = Release;
		};
/* End XCConfigurationList section */
	};
	rootObject = 1DCDCC2D2AB60FB40037C93D /* Project object */;
}
